// !$*UTF8*$!
{
	archiveVersion = 1;
	classes = {
	};
	objectVersion = 55;
	objects = {

/* Begin PBXBuildFile section */
		032EBC35293201B3002F20B2 /* WordRepositoryTests.swift in Sources */ = {isa = PBXBuildFile; fileRef = 032EBC34293201B3002F20B2 /* WordRepositoryTests.swift */; };
		034C8CD32928AD350087A6FA /* CounterView.swift in Sources */ = {isa = PBXBuildFile; fileRef = 034C8CD22928AD350087A6FA /* CounterView.swift */; };
		034C8CD52928BA800087A6FA /* TranslatedWord.swift in Sources */ = {isa = PBXBuildFile; fileRef = 034C8CD42928BA800087A6FA /* TranslatedWord.swift */; };
		034C8CD72928BADD0087A6FA /* RoundWord.swift in Sources */ = {isa = PBXBuildFile; fileRef = 034C8CD62928BADD0087A6FA /* RoundWord.swift */; };
		034C8CD92928BCA10087A6FA /* WordsRepository.swift in Sources */ = {isa = PBXBuildFile; fileRef = 034C8CD82928BCA10087A6FA /* WordsRepository.swift */; };
		034C8CE2292934F50087A6FA /* MainGameFactory.swift in Sources */ = {isa = PBXBuildFile; fileRef = 034C8CE1292934F50087A6FA /* MainGameFactory.swift */; };
		034C8CE82929D2F70087A6FA /* GameEngine.swift in Sources */ = {isa = PBXBuildFile; fileRef = 034C8CE72929D2F70087A6FA /* GameEngine.swift */; };
		034C8CEA2929D7530087A6FA /* Score.swift in Sources */ = {isa = PBXBuildFile; fileRef = 034C8CE92929D7530087A6FA /* Score.swift */; };
		034C8CEF292A32330087A6FA /* GameEngineTests.swift in Sources */ = {isa = PBXBuildFile; fileRef = 034C8CEE292A32330087A6FA /* GameEngineTests.swift */; };
		034C8CF2292A86020087A6FA /* GameViewModelTests.swift in Sources */ = {isa = PBXBuildFile; fileRef = 034C8CF1292A86020087A6FA /* GameViewModelTests.swift */; };
		034C8CF5292A91120087A6FA /* TranslatedWordFixture.swift in Sources */ = {isa = PBXBuildFile; fileRef = 034C8CF4292A91120087A6FA /* TranslatedWordFixture.swift */; };
		034C8CF7292A92010087A6FA /* Mocker.swift in Sources */ = {isa = PBXBuildFile; fileRef = 034C8CF6292A92010087A6FA /* Mocker.swift */; };
		034C8CF9292AD02B0087A6FA /* Constants.swift in Sources */ = {isa = PBXBuildFile; fileRef = 034C8CF8292AD02A0087A6FA /* Constants.swift */; };
		034C8CFB292AD1F60087A6FA /* Theme.swift in Sources */ = {isa = PBXBuildFile; fileRef = 034C8CFA292AD1F60087A6FA /* Theme.swift */; };
		03AD93D62A5C172700185771 /* TimerService.swift in Sources */ = {isa = PBXBuildFile; fileRef = 03AD93D52A5C172700185771 /* TimerService.swift */; };
		03B3E2CD292620D600C7F59C /* WordGameApp.swift in Sources */ = {isa = PBXBuildFile; fileRef = 03B3E2CC292620D600C7F59C /* WordGameApp.swift */; };
		03B3E2CF292620D600C7F59C /* GameView.swift in Sources */ = {isa = PBXBuildFile; fileRef = 03B3E2CE292620D600C7F59C /* GameView.swift */; };
		03B3E2D1292620D800C7F59C /* Assets.xcassets in Resources */ = {isa = PBXBuildFile; fileRef = 03B3E2D0292620D800C7F59C /* Assets.xcassets */; };
		03B3E2D4292620D800C7F59C /* Preview Assets.xcassets in Resources */ = {isa = PBXBuildFile; fileRef = 03B3E2D3292620D800C7F59C /* Preview Assets.xcassets */; };
		03B3E2E8292620D800C7F59C /* WordGameUITests.swift in Sources */ = {isa = PBXBuildFile; fileRef = 03B3E2E7292620D800C7F59C /* WordGameUITests.swift */; };
		03B3E2EA292620D800C7F59C /* WordGameUITestsLaunchTests.swift in Sources */ = {isa = PBXBuildFile; fileRef = 03B3E2E9292620D800C7F59C /* WordGameUITestsLaunchTests.swift */; };
		03B3E2FA292645CD00C7F59C /* FooterView.swift in Sources */ = {isa = PBXBuildFile; fileRef = 03B3E2F9292645CD00C7F59C /* FooterView.swift */; };
		03B3E2FE2926508500C7F59C /* GameViewModel.swift in Sources */ = {isa = PBXBuildFile; fileRef = 03B3E2FD2926508500C7F59C /* GameViewModel.swift */; };
		03B3E30129265CE100C7F59C /* words.json in Resources */ = {isa = PBXBuildFile; fileRef = 03B3E30029265CE100C7F59C /* words.json */; };
/* End PBXBuildFile section */

/* Begin PBXContainerItemProxy section */
		03B3E2DA292620D800C7F59C /* PBXContainerItemProxy */ = {
			isa = PBXContainerItemProxy;
			containerPortal = 03B3E2C1292620D600C7F59C /* Project object */;
			proxyType = 1;
			remoteGlobalIDString = 03B3E2C8292620D600C7F59C;
			remoteInfo = WordGame;
		};
		03B3E2E4292620D800C7F59C /* PBXContainerItemProxy */ = {
			isa = PBXContainerItemProxy;
			containerPortal = 03B3E2C1292620D600C7F59C /* Project object */;
			proxyType = 1;
			remoteGlobalIDString = 03B3E2C8292620D600C7F59C;
			remoteInfo = WordGame;
		};
/* End PBXContainerItemProxy section */

/* Begin PBXFileReference section */
		032EBC34293201B3002F20B2 /* WordRepositoryTests.swift */ = {isa = PBXFileReference; lastKnownFileType = sourcecode.swift; path = WordRepositoryTests.swift; sourceTree = "<group>"; };
		034C8CD22928AD350087A6FA /* CounterView.swift */ = {isa = PBXFileReference; lastKnownFileType = sourcecode.swift; path = CounterView.swift; sourceTree = "<group>"; };
		034C8CD42928BA800087A6FA /* TranslatedWord.swift */ = {isa = PBXFileReference; lastKnownFileType = sourcecode.swift; path = TranslatedWord.swift; sourceTree = "<group>"; };
		034C8CD62928BADD0087A6FA /* RoundWord.swift */ = {isa = PBXFileReference; lastKnownFileType = sourcecode.swift; path = RoundWord.swift; sourceTree = "<group>"; };
		034C8CD82928BCA10087A6FA /* WordsRepository.swift */ = {isa = PBXFileReference; lastKnownFileType = sourcecode.swift; path = WordsRepository.swift; sourceTree = "<group>"; };
		034C8CE1292934F50087A6FA /* MainGameFactory.swift */ = {isa = PBXFileReference; lastKnownFileType = sourcecode.swift; path = MainGameFactory.swift; sourceTree = "<group>"; };
		034C8CE72929D2F70087A6FA /* GameEngine.swift */ = {isa = PBXFileReference; lastKnownFileType = sourcecode.swift; path = GameEngine.swift; sourceTree = "<group>"; };
		034C8CE92929D7530087A6FA /* Score.swift */ = {isa = PBXFileReference; lastKnownFileType = sourcecode.swift; path = Score.swift; sourceTree = "<group>"; };
		034C8CEE292A32330087A6FA /* GameEngineTests.swift */ = {isa = PBXFileReference; lastKnownFileType = sourcecode.swift; path = GameEngineTests.swift; sourceTree = "<group>"; };
		034C8CF1292A86020087A6FA /* GameViewModelTests.swift */ = {isa = PBXFileReference; lastKnownFileType = sourcecode.swift; path = GameViewModelTests.swift; sourceTree = "<group>"; };
		034C8CF4292A91120087A6FA /* TranslatedWordFixture.swift */ = {isa = PBXFileReference; lastKnownFileType = sourcecode.swift; path = TranslatedWordFixture.swift; sourceTree = "<group>"; };
		034C8CF6292A92010087A6FA /* Mocker.swift */ = {isa = PBXFileReference; lastKnownFileType = sourcecode.swift; path = Mocker.swift; sourceTree = "<group>"; };
		034C8CF8292AD02A0087A6FA /* Constants.swift */ = {isa = PBXFileReference; lastKnownFileType = sourcecode.swift; path = Constants.swift; sourceTree = "<group>"; };
		034C8CFA292AD1F60087A6FA /* Theme.swift */ = {isa = PBXFileReference; lastKnownFileType = sourcecode.swift; path = Theme.swift; sourceTree = "<group>"; };
		03AD93D52A5C172700185771 /* TimerService.swift */ = {isa = PBXFileReference; lastKnownFileType = sourcecode.swift; path = TimerService.swift; sourceTree = "<group>"; };
		03B3E2C9292620D600C7F59C /* WordGame.app */ = {isa = PBXFileReference; explicitFileType = wrapper.application; includeInIndex = 0; path = WordGame.app; sourceTree = BUILT_PRODUCTS_DIR; };
		03B3E2CC292620D600C7F59C /* WordGameApp.swift */ = {isa = PBXFileReference; lastKnownFileType = sourcecode.swift; path = WordGameApp.swift; sourceTree = "<group>"; };
		03B3E2CE292620D600C7F59C /* GameView.swift */ = {isa = PBXFileReference; lastKnownFileType = sourcecode.swift; path = GameView.swift; sourceTree = "<group>"; };
		03B3E2D0292620D800C7F59C /* Assets.xcassets */ = {isa = PBXFileReference; lastKnownFileType = folder.assetcatalog; path = Assets.xcassets; sourceTree = "<group>"; };
		03B3E2D3292620D800C7F59C /* Preview Assets.xcassets */ = {isa = PBXFileReference; lastKnownFileType = folder.assetcatalog; path = "Preview Assets.xcassets"; sourceTree = "<group>"; };
		03B3E2D9292620D800C7F59C /* WordGameTests.xctest */ = {isa = PBXFileReference; explicitFileType = wrapper.cfbundle; includeInIndex = 0; path = WordGameTests.xctest; sourceTree = BUILT_PRODUCTS_DIR; };
		03B3E2E3292620D800C7F59C /* WordGameUITests.xctest */ = {isa = PBXFileReference; explicitFileType = wrapper.cfbundle; includeInIndex = 0; path = WordGameUITests.xctest; sourceTree = BUILT_PRODUCTS_DIR; };
		03B3E2E7292620D800C7F59C /* WordGameUITests.swift */ = {isa = PBXFileReference; lastKnownFileType = sourcecode.swift; path = WordGameUITests.swift; sourceTree = "<group>"; };
		03B3E2E9292620D800C7F59C /* WordGameUITestsLaunchTests.swift */ = {isa = PBXFileReference; lastKnownFileType = sourcecode.swift; path = WordGameUITestsLaunchTests.swift; sourceTree = "<group>"; };
		03B3E2F9292645CD00C7F59C /* FooterView.swift */ = {isa = PBXFileReference; lastKnownFileType = sourcecode.swift; path = FooterView.swift; sourceTree = "<group>"; };
		03B3E2FD2926508500C7F59C /* GameViewModel.swift */ = {isa = PBXFileReference; lastKnownFileType = sourcecode.swift; path = GameViewModel.swift; sourceTree = "<group>"; };
		03B3E30029265CE100C7F59C /* words.json */ = {isa = PBXFileReference; fileEncoding = 4; lastKnownFileType = text.json; path = words.json; sourceTree = "<group>"; };
/* End PBXFileReference section */

/* Begin PBXFrameworksBuildPhase section */
		03B3E2C6292620D600C7F59C /* Frameworks */ = {
			isa = PBXFrameworksBuildPhase;
			buildActionMask = 2147483647;
			files = (
			);
			runOnlyForDeploymentPostprocessing = 0;
		};
		03B3E2D6292620D800C7F59C /* Frameworks */ = {
			isa = PBXFrameworksBuildPhase;
			buildActionMask = 2147483647;
			files = (
			);
			runOnlyForDeploymentPostprocessing = 0;
		};
		03B3E2E0292620D800C7F59C /* Frameworks */ = {
			isa = PBXFrameworksBuildPhase;
			buildActionMask = 2147483647;
			files = (
			);
			runOnlyForDeploymentPostprocessing = 0;
		};
/* End PBXFrameworksBuildPhase section */

/* Begin PBXGroup section */
		034C8CEB292A31EE0087A6FA /* FeatureTests */ = {
			isa = PBXGroup;
			children = (
				034C8CEC292A32040087A6FA /* MainGameTests */,
			);
			path = FeatureTests;
			sourceTree = "<group>";
		};
		034C8CEC292A32040087A6FA /* MainGameTests */ = {
			isa = PBXGroup;
			children = (
				034C8CF0292A811C0087A6FA /* PresentationTests */,
				034C8CED292A32130087A6FA /* DomainTests */,
			);
			path = MainGameTests;
			sourceTree = "<group>";
		};
		034C8CED292A32130087A6FA /* DomainTests */ = {
			isa = PBXGroup;
			children = (
				034C8CEE292A32330087A6FA /* GameEngineTests.swift */,
				032EBC34293201B3002F20B2 /* WordRepositoryTests.swift */,
			);
			path = DomainTests;
			sourceTree = "<group>";
		};
		034C8CF0292A811C0087A6FA /* PresentationTests */ = {
			isa = PBXGroup;
			children = (
				034C8CF1292A86020087A6FA /* GameViewModelTests.swift */,
			);
			path = PresentationTests;
			sourceTree = "<group>";
		};
		034C8CF3292A90F60087A6FA /* Mocker */ = {
			isa = PBXGroup;
			children = (
				034C8CF4292A91120087A6FA /* TranslatedWordFixture.swift */,
				034C8CF6292A92010087A6FA /* Mocker.swift */,
			);
			path = Mocker;
			sourceTree = "<group>";
		};
		03AD93D32A5C16F300185771 /* Core */ = {
			isa = PBXGroup;
			children = (
				03AD93D42A5C170900185771 /* Timer */,
			);
			path = Core;
			sourceTree = "<group>";
		};
		03AD93D42A5C170900185771 /* Timer */ = {
			isa = PBXGroup;
			children = (
				03AD93D52A5C172700185771 /* TimerService.swift */,
			);
			path = Timer;
			sourceTree = "<group>";
		};
		03B3E2C0292620D600C7F59C = {
			isa = PBXGroup;
			children = (
				03B3E2CB292620D600C7F59C /* WordGame */,
				03B3E2DC292620D800C7F59C /* WordGameTests */,
				03B3E2E6292620D800C7F59C /* WordGameUITests */,
				03B3E2CA292620D600C7F59C /* Products */,
			);
			sourceTree = "<group>";
		};
		03B3E2CA292620D600C7F59C /* Products */ = {
			isa = PBXGroup;
			children = (
				03B3E2C9292620D600C7F59C /* WordGame.app */,
				03B3E2D9292620D800C7F59C /* WordGameTests.xctest */,
				03B3E2E3292620D800C7F59C /* WordGameUITests.xctest */,
			);
			name = Products;
			sourceTree = "<group>";
		};
		03B3E2CB292620D600C7F59C /* WordGame */ = {
			isa = PBXGroup;
			children = (
				03AD93D32A5C16F300185771 /* Core */,
				03B3E2FF29265CBE00C7F59C /* AppConfigs */,
				03B3E2F6292621A700C7F59C /* Features */,
				03B3E2CC292620D600C7F59C /* WordGameApp.swift */,
				03B3E2D0292620D800C7F59C /* Assets.xcassets */,
				03B3E2D2292620D800C7F59C /* Preview Content */,
			);
			path = WordGame;
			sourceTree = "<group>";
		};
		03B3E2D2292620D800C7F59C /* Preview Content */ = {
			isa = PBXGroup;
			children = (
				03B3E2D3292620D800C7F59C /* Preview Assets.xcassets */,
			);
			path = "Preview Content";
			sourceTree = "<group>";
		};
		03B3E2DC292620D800C7F59C /* WordGameTests */ = {
			isa = PBXGroup;
			children = (
				034C8CF3292A90F60087A6FA /* Mocker */,
				034C8CEB292A31EE0087A6FA /* FeatureTests */,
			);
			path = WordGameTests;
			sourceTree = "<group>";
		};
		03B3E2E6292620D800C7F59C /* WordGameUITests */ = {
			isa = PBXGroup;
			children = (
				03B3E2E7292620D800C7F59C /* WordGameUITests.swift */,
				03B3E2E9292620D800C7F59C /* WordGameUITestsLaunchTests.swift */,
			);
			path = WordGameUITests;
			sourceTree = "<group>";
		};
		03B3E2F6292621A700C7F59C /* Features */ = {
			isa = PBXGroup;
			children = (
				03B3E2F7292621B900C7F59C /* MainGame */,
			);
			path = Features;
			sourceTree = "<group>";
		};
		03B3E2F7292621B900C7F59C /* MainGame */ = {
			isa = PBXGroup;
			children = (
				03B3E3052926627100C7F59C /* Domain */,
				03B3E3042926626900C7F59C /* Data */,
				03B3E2F8292645A000C7F59C /* Presentation */,
				034C8CE1292934F50087A6FA /* MainGameFactory.swift */,
			);
			path = MainGame;
			sourceTree = "<group>";
		};
		03B3E2F8292645A000C7F59C /* Presentation */ = {
			isa = PBXGroup;
			children = (
				03B3E2FD2926508500C7F59C /* GameViewModel.swift */,
				03B3E2CE292620D600C7F59C /* GameView.swift */,
				03B3E2F9292645CD00C7F59C /* FooterView.swift */,
				034C8CD22928AD350087A6FA /* CounterView.swift */,
			);
			path = Presentation;
			sourceTree = "<group>";
		};
		03B3E2FF29265CBE00C7F59C /* AppConfigs */ = {
			isa = PBXGroup;
			children = (
				03B3E30029265CE100C7F59C /* words.json */,
				034C8CF8292AD02A0087A6FA /* Constants.swift */,
				034C8CFA292AD1F60087A6FA /* Theme.swift */,
			);
			path = AppConfigs;
			sourceTree = "<group>";
		};
		03B3E3042926626900C7F59C /* Data */ = {
			isa = PBXGroup;
			children = (
				034C8CD42928BA800087A6FA /* TranslatedWord.swift */,
				034C8CD62928BADD0087A6FA /* RoundWord.swift */,
				034C8CE92929D7530087A6FA /* Score.swift */,
			);
			path = Data;
			sourceTree = "<group>";
		};
		03B3E3052926627100C7F59C /* Domain */ = {
			isa = PBXGroup;
			children = (
				034C8CD82928BCA10087A6FA /* WordsRepository.swift */,
				034C8CE72929D2F70087A6FA /* GameEngine.swift */,
			);
			path = Domain;
			sourceTree = "<group>";
		};
/* End PBXGroup section */

/* Begin PBXNativeTarget section */
		03B3E2C8292620D600C7F59C /* WordGame */ = {
			isa = PBXNativeTarget;
			buildConfigurationList = 03B3E2ED292620D800C7F59C /* Build configuration list for PBXNativeTarget "WordGame" */;
			buildPhases = (
				03B3E2C5292620D600C7F59C /* Sources */,
				03B3E2C6292620D600C7F59C /* Frameworks */,
				03B3E2C7292620D600C7F59C /* Resources */,
			);
			buildRules = (
			);
			dependencies = (
			);
			name = WordGame;
			productName = WordGame;
			productReference = 03B3E2C9292620D600C7F59C /* WordGame.app */;
			productType = "com.apple.product-type.application";
		};
		03B3E2D8292620D800C7F59C /* WordGameTests */ = {
			isa = PBXNativeTarget;
			buildConfigurationList = 03B3E2F0292620D800C7F59C /* Build configuration list for PBXNativeTarget "WordGameTests" */;
			buildPhases = (
				03B3E2D5292620D800C7F59C /* Sources */,
				03B3E2D6292620D800C7F59C /* Frameworks */,
				03B3E2D7292620D800C7F59C /* Resources */,
			);
			buildRules = (
			);
			dependencies = (
				03B3E2DB292620D800C7F59C /* PBXTargetDependency */,
			);
			name = WordGameTests;
			productName = WordGameTests;
			productReference = 03B3E2D9292620D800C7F59C /* WordGameTests.xctest */;
			productType = "com.apple.product-type.bundle.unit-test";
		};
		03B3E2E2292620D800C7F59C /* WordGameUITests */ = {
			isa = PBXNativeTarget;
			buildConfigurationList = 03B3E2F3292620D800C7F59C /* Build configuration list for PBXNativeTarget "WordGameUITests" */;
			buildPhases = (
				03B3E2DF292620D800C7F59C /* Sources */,
				03B3E2E0292620D800C7F59C /* Frameworks */,
				03B3E2E1292620D800C7F59C /* Resources */,
			);
			buildRules = (
			);
			dependencies = (
				03B3E2E5292620D800C7F59C /* PBXTargetDependency */,
			);
			name = WordGameUITests;
			productName = WordGameUITests;
			productReference = 03B3E2E3292620D800C7F59C /* WordGameUITests.xctest */;
			productType = "com.apple.product-type.bundle.ui-testing";
		};
/* End PBXNativeTarget section */

/* Begin PBXProject section */
		03B3E2C1292620D600C7F59C /* Project object */ = {
			isa = PBXProject;
			attributes = {
				BuildIndependentTargetsInParallel = 1;
				LastSwiftUpdateCheck = 1340;
				LastUpgradeCheck = 1340;
				TargetAttributes = {
					03B3E2C8292620D600C7F59C = {
						CreatedOnToolsVersion = 13.4.1;
					};
					03B3E2D8292620D800C7F59C = {
						CreatedOnToolsVersion = 13.4.1;
						TestTargetID = 03B3E2C8292620D600C7F59C;
					};
					03B3E2E2292620D800C7F59C = {
						CreatedOnToolsVersion = 13.4.1;
						TestTargetID = 03B3E2C8292620D600C7F59C;
					};
				};
			};
			buildConfigurationList = 03B3E2C4292620D600C7F59C /* Build configuration list for PBXProject "WordGame" */;
			compatibilityVersion = "Xcode 13.0";
			developmentRegion = en;
			hasScannedForEncodings = 0;
			knownRegions = (
				en,
				Base,
			);
			mainGroup = 03B3E2C0292620D600C7F59C;
			productRefGroup = 03B3E2CA292620D600C7F59C /* Products */;
			projectDirPath = "";
			projectRoot = "";
			targets = (
				03B3E2C8292620D600C7F59C /* WordGame */,
				03B3E2D8292620D800C7F59C /* WordGameTests */,
				03B3E2E2292620D800C7F59C /* WordGameUITests */,
			);
		};
/* End PBXProject section */

/* Begin PBXResourcesBuildPhase section */
		03B3E2C7292620D600C7F59C /* Resources */ = {
			isa = PBXResourcesBuildPhase;
			buildActionMask = 2147483647;
			files = (
				03B3E30129265CE100C7F59C /* words.json in Resources */,
				03B3E2D4292620D800C7F59C /* Preview Assets.xcassets in Resources */,
				03B3E2D1292620D800C7F59C /* Assets.xcassets in Resources */,
			);
			runOnlyForDeploymentPostprocessing = 0;
		};
		03B3E2D7292620D800C7F59C /* Resources */ = {
			isa = PBXResourcesBuildPhase;
			buildActionMask = 2147483647;
			files = (
			);
			runOnlyForDeploymentPostprocessing = 0;
		};
		03B3E2E1292620D800C7F59C /* Resources */ = {
			isa = PBXResourcesBuildPhase;
			buildActionMask = 2147483647;
			files = (
			);
			runOnlyForDeploymentPostprocessing = 0;
		};
/* End PBXResourcesBuildPhase section */

/* Begin PBXSourcesBuildPhase section */
		03B3E2C5292620D600C7F59C /* Sources */ = {
			isa = PBXSourcesBuildPhase;
			buildActionMask = 2147483647;
			files = (
				034C8CEA2929D7530087A6FA /* Score.swift in Sources */,
				03B3E2FA292645CD00C7F59C /* FooterView.swift in Sources */,
				03B3E2CF292620D600C7F59C /* GameView.swift in Sources */,
				034C8CD92928BCA10087A6FA /* WordsRepository.swift in Sources */,
				034C8CFB292AD1F60087A6FA /* Theme.swift in Sources */,
				034C8CD32928AD350087A6FA /* CounterView.swift in Sources */,
				034C8CE2292934F50087A6FA /* MainGameFactory.swift in Sources */,
				034C8CE82929D2F70087A6FA /* GameEngine.swift in Sources */,
				034C8CD52928BA800087A6FA /* TranslatedWord.swift in Sources */,
				03B3E2FE2926508500C7F59C /* GameViewModel.swift in Sources */,
				034C8CD72928BADD0087A6FA /* RoundWord.swift in Sources */,
				03AD93D62A5C172700185771 /* TimerService.swift in Sources */,
				03B3E2CD292620D600C7F59C /* WordGameApp.swift in Sources */,
				034C8CF9292AD02B0087A6FA /* Constants.swift in Sources */,
			);
			runOnlyForDeploymentPostprocessing = 0;
		};
		03B3E2D5292620D800C7F59C /* Sources */ = {
			isa = PBXSourcesBuildPhase;
			buildActionMask = 2147483647;
			files = (
				034C8CF7292A92010087A6FA /* Mocker.swift in Sources */,
				034C8CF2292A86020087A6FA /* GameViewModelTests.swift in Sources */,
				032EBC35293201B3002F20B2 /* WordRepositoryTests.swift in Sources */,
				034C8CEF292A32330087A6FA /* GameEngineTests.swift in Sources */,
				034C8CF5292A91120087A6FA /* TranslatedWordFixture.swift in Sources */,
			);
			runOnlyForDeploymentPostprocessing = 0;
		};
		03B3E2DF292620D800C7F59C /* Sources */ = {
			isa = PBXSourcesBuildPhase;
			buildActionMask = 2147483647;
			files = (
				03B3E2EA292620D800C7F59C /* WordGameUITestsLaunchTests.swift in Sources */,
				03B3E2E8292620D800C7F59C /* WordGameUITests.swift in Sources */,
			);
			runOnlyForDeploymentPostprocessing = 0;
		};
/* End PBXSourcesBuildPhase section */

/* Begin PBXTargetDependency section */
		03B3E2DB292620D800C7F59C /* PBXTargetDependency */ = {
			isa = PBXTargetDependency;
			target = 03B3E2C8292620D600C7F59C /* WordGame */;
			targetProxy = 03B3E2DA292620D800C7F59C /* PBXContainerItemProxy */;
		};
		03B3E2E5292620D800C7F59C /* PBXTargetDependency */ = {
			isa = PBXTargetDependency;
			target = 03B3E2C8292620D600C7F59C /* WordGame */;
			targetProxy = 03B3E2E4292620D800C7F59C /* PBXContainerItemProxy */;
		};
/* End PBXTargetDependency section */

/* Begin XCBuildConfiguration section */
		03B3E2EB292620D800C7F59C /* Debug */ = {
			isa = XCBuildConfiguration;
			buildSettings = {
				ALWAYS_SEARCH_USER_PATHS = NO;
				CLANG_ANALYZER_NONNULL = YES;
				CLANG_ANALYZER_NUMBER_OBJECT_CONVERSION = YES_AGGRESSIVE;
				CLANG_CXX_LANGUAGE_STANDARD = "gnu++17";
				CLANG_ENABLE_MODULES = YES;
				CLANG_ENABLE_OBJC_ARC = YES;
				CLANG_ENABLE_OBJC_WEAK = YES;
				CLANG_WARN_BLOCK_CAPTURE_AUTORELEASING = YES;
				CLANG_WARN_BOOL_CONVERSION = YES;
				CLANG_WARN_COMMA = YES;
				CLANG_WARN_CONSTANT_CONVERSION = YES;
				CLANG_WARN_DEPRECATED_OBJC_IMPLEMENTATIONS = YES;
				CLANG_WARN_DIRECT_OBJC_ISA_USAGE = YES_ERROR;
				CLANG_WARN_DOCUMENTATION_COMMENTS = YES;
				CLANG_WARN_EMPTY_BODY = YES;
				CLANG_WARN_ENUM_CONVERSION = YES;
				CLANG_WARN_INFINITE_RECURSION = YES;
				CLANG_WARN_INT_CONVERSION = YES;
				CLANG_WARN_NON_LITERAL_NULL_CONVERSION = YES;
				CLANG_WARN_OBJC_IMPLICIT_RETAIN_SELF = YES;
				CLANG_WARN_OBJC_LITERAL_CONVERSION = YES;
				CLANG_WARN_OBJC_ROOT_CLASS = YES_ERROR;
				CLANG_WARN_QUOTED_INCLUDE_IN_FRAMEWORK_HEADER = YES;
				CLANG_WARN_RANGE_LOOP_ANALYSIS = YES;
				CLANG_WARN_STRICT_PROTOTYPES = YES;
				CLANG_WARN_SUSPICIOUS_MOVE = YES;
				CLANG_WARN_UNGUARDED_AVAILABILITY = YES_AGGRESSIVE;
				CLANG_WARN_UNREACHABLE_CODE = YES;
				CLANG_WARN__DUPLICATE_METHOD_MATCH = YES;
				COPY_PHASE_STRIP = NO;
				DEBUG_INFORMATION_FORMAT = dwarf;
				ENABLE_STRICT_OBJC_MSGSEND = YES;
				ENABLE_TESTABILITY = YES;
				GCC_C_LANGUAGE_STANDARD = gnu11;
				GCC_DYNAMIC_NO_PIC = NO;
				GCC_NO_COMMON_BLOCKS = YES;
				GCC_OPTIMIZATION_LEVEL = 0;
				GCC_PREPROCESSOR_DEFINITIONS = (
					"DEBUG=1",
					"$(inherited)",
				);
				GCC_WARN_64_TO_32_BIT_CONVERSION = YES;
				GCC_WARN_ABOUT_RETURN_TYPE = YES_ERROR;
				GCC_WARN_UNDECLARED_SELECTOR = YES;
				GCC_WARN_UNINITIALIZED_AUTOS = YES_AGGRESSIVE;
				GCC_WARN_UNUSED_FUNCTION = YES;
				GCC_WARN_UNUSED_VARIABLE = YES;
				IPHONEOS_DEPLOYMENT_TARGET = 15.5;
				MTL_ENABLE_DEBUG_INFO = INCLUDE_SOURCE;
				MTL_FAST_MATH = YES;
				ONLY_ACTIVE_ARCH = YES;
				SDKROOT = iphoneos;
				SWIFT_ACTIVE_COMPILATION_CONDITIONS = DEBUG;
				SWIFT_OPTIMIZATION_LEVEL = "-Onone";
			};
			name = Debug;
		};
		03B3E2EC292620D800C7F59C /* Release */ = {
			isa = XCBuildConfiguration;
			buildSettings = {
				ALWAYS_SEARCH_USER_PATHS = NO;
				CLANG_ANALYZER_NONNULL = YES;
				CLANG_ANALYZER_NUMBER_OBJECT_CONVERSION = YES_AGGRESSIVE;
				CLANG_CXX_LANGUAGE_STANDARD = "gnu++17";
				CLANG_ENABLE_MODULES = YES;
				CLANG_ENABLE_OBJC_ARC = YES;
				CLANG_ENABLE_OBJC_WEAK = YES;
				CLANG_WARN_BLOCK_CAPTURE_AUTORELEASING = YES;
				CLANG_WARN_BOOL_CONVERSION = YES;
				CLANG_WARN_COMMA = YES;
				CLANG_WARN_CONSTANT_CONVERSION = YES;
				CLANG_WARN_DEPRECATED_OBJC_IMPLEMENTATIONS = YES;
				CLANG_WARN_DIRECT_OBJC_ISA_USAGE = YES_ERROR;
				CLANG_WARN_DOCUMENTATION_COMMENTS = YES;
				CLANG_WARN_EMPTY_BODY = YES;
				CLANG_WARN_ENUM_CONVERSION = YES;
				CLANG_WARN_INFINITE_RECURSION = YES;
				CLANG_WARN_INT_CONVERSION = YES;
				CLANG_WARN_NON_LITERAL_NULL_CONVERSION = YES;
				CLANG_WARN_OBJC_IMPLICIT_RETAIN_SELF = YES;
				CLANG_WARN_OBJC_LITERAL_CONVERSION = YES;
				CLANG_WARN_OBJC_ROOT_CLASS = YES_ERROR;
				CLANG_WARN_QUOTED_INCLUDE_IN_FRAMEWORK_HEADER = YES;
				CLANG_WARN_RANGE_LOOP_ANALYSIS = YES;
				CLANG_WARN_STRICT_PROTOTYPES = YES;
				CLANG_WARN_SUSPICIOUS_MOVE = YES;
				CLANG_WARN_UNGUARDED_AVAILABILITY = YES_AGGRESSIVE;
				CLANG_WARN_UNREACHABLE_CODE = YES;
				CLANG_WARN__DUPLICATE_METHOD_MATCH = YES;
				COPY_PHASE_STRIP = NO;
				DEBUG_INFORMATION_FORMAT = "dwarf-with-dsym";
				ENABLE_NS_ASSERTIONS = NO;
				ENABLE_STRICT_OBJC_MSGSEND = YES;
				GCC_C_LANGUAGE_STANDARD = gnu11;
				GCC_NO_COMMON_BLOCKS = YES;
				GCC_WARN_64_TO_32_BIT_CONVERSION = YES;
				GCC_WARN_ABOUT_RETURN_TYPE = YES_ERROR;
				GCC_WARN_UNDECLARED_SELECTOR = YES;
				GCC_WARN_UNINITIALIZED_AUTOS = YES_AGGRESSIVE;
				GCC_WARN_UNUSED_FUNCTION = YES;
				GCC_WARN_UNUSED_VARIABLE = YES;
				IPHONEOS_DEPLOYMENT_TARGET = 15.5;
				MTL_ENABLE_DEBUG_INFO = NO;
				MTL_FAST_MATH = YES;
				SDKROOT = iphoneos;
				SWIFT_COMPILATION_MODE = wholemodule;
				SWIFT_OPTIMIZATION_LEVEL = "-O";
				VALIDATE_PRODUCT = YES;
			};
			name = Release;
		};
		03B3E2EE292620D800C7F59C /* Debug */ = {
			isa = XCBuildConfiguration;
			buildSettings = {
				ASSETCATALOG_COMPILER_APPICON_NAME = AppIcon;
				ASSETCATALOG_COMPILER_GLOBAL_ACCENT_COLOR_NAME = AccentColor;
				CODE_SIGN_STYLE = Automatic;
				CURRENT_PROJECT_VERSION = 1;
				DEVELOPMENT_ASSET_PATHS = "\"WordGame/Preview Content\"";
				ENABLE_PREVIEWS = YES;
				GENERATE_INFOPLIST_FILE = YES;
				INFOPLIST_KEY_UIApplicationSceneManifest_Generation = YES;
				INFOPLIST_KEY_UIApplicationSupportsIndirectInputEvents = YES;
				INFOPLIST_KEY_UILaunchScreen_Generation = YES;
				INFOPLIST_KEY_UISupportedInterfaceOrientations_iPad = "UIInterfaceOrientationPortrait UIInterfaceOrientationPortraitUpsideDown UIInterfaceOrientationLandscapeLeft UIInterfaceOrientationLandscapeRight";
				INFOPLIST_KEY_UISupportedInterfaceOrientations_iPhone = "UIInterfaceOrientationPortrait UIInterfaceOrientationLandscapeLeft UIInterfaceOrientationLandscapeRight";
				LD_RUNPATH_SEARCH_PATHS = (
					"$(inherited)",
					"@executable_path/Frameworks",
				);
				MARKETING_VERSION = 1.0;
				PRODUCT_BUNDLE_IDENTIFIER = com.abc.wordGame;
				PRODUCT_NAME = "$(TARGET_NAME)";
				SWIFT_EMIT_LOC_STRINGS = YES;
				SWIFT_VERSION = 5.0;
				TARGETED_DEVICE_FAMILY = "1,2";
			};
			name = Debug;
		};
		03B3E2EF292620D800C7F59C /* Release */ = {
			isa = XCBuildConfiguration;
			buildSettings = {
				ASSETCATALOG_COMPILER_APPICON_NAME = AppIcon;
				ASSETCATALOG_COMPILER_GLOBAL_ACCENT_COLOR_NAME = AccentColor;
				CODE_SIGN_STYLE = Automatic;
				CURRENT_PROJECT_VERSION = 1;
				DEVELOPMENT_ASSET_PATHS = "\"WordGame/Preview Content\"";
				ENABLE_PREVIEWS = YES;
				GENERATE_INFOPLIST_FILE = YES;
				INFOPLIST_KEY_UIApplicationSceneManifest_Generation = YES;
				INFOPLIST_KEY_UIApplicationSupportsIndirectInputEvents = YES;
				INFOPLIST_KEY_UILaunchScreen_Generation = YES;
				INFOPLIST_KEY_UISupportedInterfaceOrientations_iPad = "UIInterfaceOrientationPortrait UIInterfaceOrientationPortraitUpsideDown UIInterfaceOrientationLandscapeLeft UIInterfaceOrientationLandscapeRight";
				INFOPLIST_KEY_UISupportedInterfaceOrientations_iPhone = "UIInterfaceOrientationPortrait UIInterfaceOrientationLandscapeLeft UIInterfaceOrientationLandscapeRight";
				LD_RUNPATH_SEARCH_PATHS = (
					"$(inherited)",
					"@executable_path/Frameworks",
				);
				MARKETING_VERSION = 1.0;
				PRODUCT_BUNDLE_IDENTIFIER = com.abc.wordGame;
				PRODUCT_NAME = "$(TARGET_NAME)";
				SWIFT_EMIT_LOC_STRINGS = YES;
				SWIFT_VERSION = 5.0;
				TARGETED_DEVICE_FAMILY = "1,2";
			};
			name = Release;
		};
		03B3E2F1292620D800C7F59C /* Debug */ = {
			isa = XCBuildConfiguration;
			buildSettings = {
				ALWAYS_EMBED_SWIFT_STANDARD_LIBRARIES = YES;
				BUNDLE_LOADER = "$(TEST_HOST)";
				CODE_SIGN_STYLE = Automatic;
				CURRENT_PROJECT_VERSION = 1;
				GENERATE_INFOPLIST_FILE = YES;
				IPHONEOS_DEPLOYMENT_TARGET = 15.5;
				MARKETING_VERSION = 1.0;
				PRODUCT_BUNDLE_IDENTIFIER = com.abc.wordGame.WordGameTests;
				PRODUCT_NAME = "$(TARGET_NAME)";
				SWIFT_EMIT_LOC_STRINGS = NO;
				SWIFT_VERSION = 5.0;
				TARGETED_DEVICE_FAMILY = "1,2";
				TEST_HOST = "$(BUILT_PRODUCTS_DIR)/WordGame.app/WordGame";
			};
			name = Debug;
		};
		03B3E2F2292620D800C7F59C /* Release */ = {
			isa = XCBuildConfiguration;
			buildSettings = {
				ALWAYS_EMBED_SWIFT_STANDARD_LIBRARIES = YES;
				BUNDLE_LOADER = "$(TEST_HOST)";
				CODE_SIGN_STYLE = Automatic;
				CURRENT_PROJECT_VERSION = 1;
				GENERATE_INFOPLIST_FILE = YES;
				IPHONEOS_DEPLOYMENT_TARGET = 15.5;
				MARKETING_VERSION = 1.0;
				PRODUCT_BUNDLE_IDENTIFIER = com.abc.wordGame.WordGameTests;
				PRODUCT_NAME = "$(TARGET_NAME)";
				SWIFT_EMIT_LOC_STRINGS = NO;
				SWIFT_VERSION = 5.0;
				TARGETED_DEVICE_FAMILY = "1,2";
				TEST_HOST = "$(BUILT_PRODUCTS_DIR)/WordGame.app/WordGame";
			};
			name = Release;
		};
		03B3E2F4292620D800C7F59C /* Debug */ = {
			isa = XCBuildConfiguration;
			buildSettings = {
				ALWAYS_EMBED_SWIFT_STANDARD_LIBRARIES = YES;
				CODE_SIGN_STYLE = Automatic;
				CURRENT_PROJECT_VERSION = 1;
				GENERATE_INFOPLIST_FILE = YES;
				MARKETING_VERSION = 1.0;
				PRODUCT_BUNDLE_IDENTIFIER = com.abc.wordGame.WordGameUITests;
				PRODUCT_NAME = "$(TARGET_NAME)";
				SWIFT_EMIT_LOC_STRINGS = NO;
				SWIFT_VERSION = 5.0;
				TARGETED_DEVICE_FAMILY = "1,2";
				TEST_TARGET_NAME = WordGame;
			};
			name = Debug;
		};
		03B3E2F5292620D800C7F59C /* Release */ = {
			isa = XCBuildConfiguration;
			buildSettings = {
				ALWAYS_EMBED_SWIFT_STANDARD_LIBRARIES = YES;
				CODE_SIGN_STYLE = Automatic;
				CURRENT_PROJECT_VERSION = 1;
				GENERATE_INFOPLIST_FILE = YES;
				MARKETING_VERSION = 1.0;
				PRODUCT_BUNDLE_IDENTIFIER = com.abc.wordGame.WordGameUITests;
				PRODUCT_NAME = "$(TARGET_NAME)";
				SWIFT_EMIT_LOC_STRINGS = NO;
				SWIFT_VERSION = 5.0;
				TARGETED_DEVICE_FAMILY = "1,2";
				TEST_TARGET_NAME = WordGame;
			};
			name = Release;
		};
/* End XCBuildConfiguration section */

/* Begin XCConfigurationList section */
		03B3E2C4292620D600C7F59C /* Build configuration list for PBXProject "WordGame" */ = {
			isa = XCConfigurationList;
			buildConfigurations = (
				03B3E2EB292620D800C7F59C /* Debug */,
				03B3E2EC292620D800C7F59C /* Release */,
			);
			defaultConfigurationIsVisible = 0;
			defaultConfigurationName = Release;
		};
		03B3E2ED292620D800C7F59C /* Build configuration list for PBXNativeTarget "WordGame" */ = {
			isa = XCConfigurationList;
			buildConfigurations = (
				03B3E2EE292620D800C7F59C /* Debug */,
				03B3E2EF292620D800C7F59C /* Release */,
			);
			defaultConfigurationIsVisible = 0;
			defaultConfigurationName = Release;
		};
		03B3E2F0292620D800C7F59C /* Build configuration list for PBXNativeTarget "WordGameTests" */ = {
			isa = XCConfigurationList;
			buildConfigurations = (
				03B3E2F1292620D800C7F59C /* Debug */,
				03B3E2F2292620D800C7F59C /* Release */,
			);
			defaultConfigurationIsVisible = 0;
			defaultConfigurationName = Release;
		};
		03B3E2F3292620D800C7F59C /* Build configuration list for PBXNativeTarget "WordGameUITests" */ = {
			isa = XCConfigurationList;
			buildConfigurations = (
				03B3E2F4292620D800C7F59C /* Debug */,
				03B3E2F5292620D800C7F59C /* Release */,
			);
			defaultConfigurationIsVisible = 0;
			defaultConfigurationName = Release;
		};
/* End XCConfigurationList section */
	};
	rootObject = 03B3E2C1292620D600C7F59C /* Project object */;
}
